
Microsoft Visual Studio Solution File, Format Version 12.00
# Visual Studio 15
VisualStudioVersion = 15.0.27130.2027
MinimumVisualStudioVersion = 10.0.40219.1
Project("{FAE04EC0-301F-11D3-BF4B-00C04F79EFBC}") = "ProtoBuf.Data.Light.Tests", "test\ProtoBuf.Data.Light.Tests\ProtoBuf.Data.Light.Tests.csproj", "{744FAE49-E8E2-45F4-A9AD-642BF119AEB9}"
EndProject
Project("{FAE04EC0-301F-11D3-BF4B-00C04F79EFBC}") = "ProtoBuf.Data.Light", "src\ProtoBuf.Data.Light\ProtoBuf.Data.Light.csproj", "{EC6D4949-468F-4991-BD40-50667F01FC8D}"
EndProject
Global
	GlobalSection(SolutionConfigurationPlatforms) = preSolution
		Debug|Any CPU = Debug|Any CPU
		Release|Any CPU = Release|Any CPU
	EndGlobalSection
	GlobalSection(ProjectConfigurationPlatforms) = postSolution
		{744FAE49-E8E2-45F4-A9AD-642BF119AEB9}.Debug|Any CPU.ActiveCfg = Debug|Any CPU
		{744FAE49-E8E2-45F4-A9AD-642BF119AEB9}.Debug|Any CPU.Build.0 = Debug|Any CPU
		{744FAE49-E8E2-45F4-A9AD-642BF119AEB9}.Release|Any CPU.ActiveCfg = Release|Any CPU
		{744FAE49-E8E2-45F4-A9AD-642BF119AEB9}.Release|Any CPU.Build.0 = Release|Any CPU
		{EC6D4949-468F-4991-BD40-50667F01FC8D}.Debug|Any CPU.ActiveCfg = Debug|Any CPU
		{EC6D4949-468F-4991-BD40-50667F01FC8D}.Debug|Any CPU.Build.0 = Debug|Any CPU
		{EC6D4949-468F-4991-BD40-50667F01FC8D}.Release|Any CPU.ActiveCfg = Release|Any CPU
		{EC6D4949-468F-4991-BD40-50667F01FC8D}.Release|Any CPU.Build.0 = Release|Any CPU
	EndGlobalSection
	GlobalSection(SolutionProperties) = preSolution
		HideSolutionNode = FALSE
	EndGlobalSection
	GlobalSection(ExtensibilityGlobals) = postSolution
		SolutionGuid = {E0355535-4CC0-430B-B279-E07FF21D5085}
	EndGlobalSection
EndGlobal
